uuid: 323f4174-9c39-4563-84a4-db599d25e24f
langcode: en
status: false
dependencies:
  module:
    - system
    - user
    - wxt_library
  theme:
    - impact_bootstrap
_core:
  default_config_hash: CWH5DcmBzddjqRTUsj4WooXoTMm9TdA9EQRdkfNeA6U
id: impact_user_account_block
theme: impact_bootstrap
region: header
weight: -8
provider: null
plugin: user_account_block
settings:
  id: user_account_block
  label: 'User Account'
  provider: wxt_library
  label_display: '0'
visibility:
  request_path:
    id: request_path
    pages: '<front>'
    negate: true
    context_mapping: {  }
  user_role:
    id: user_role
    roles:
      authenticated: authenticated
    negate: false
    context_mapping:
      user: '@user.current_user_context:current_user'
