uuid: e6f29004-07db-40d2-a835-74e4c2bbcab1
langcode: en
status: false
dependencies:
  module:
    - block_class
    - wxt_library
  theme:
    - impact_bootstrap
third_party_settings:
  block_class:
    classes: col-md-6
_core:
  default_config_hash: 1l_WujGuuwNpxZEFrMnqayu602RcqldCtO8B3kv6QJ4
id: impact_datemodifiedblock
theme: impact_bootstrap
region: content_footer
weight: -8
provider: null
plugin: date_modified_block
settings:
  id: date_modified_block
  label: 'Date Modified'
  provider: wxt_library
  label_display: '0'
  date_format:
    page: page
  date_modified: tiny
visibility: {  }
